
Microsoft Visual Studio Solution File, Format Version 12.00
# Visual Studio Version 16
VisualStudioVersion = 16.0.29806.167
MinimumVisualStudioVersion = 10.0.40219.1
Project("{FAE04EC0-301F-11D3-BF4B-00C04F79EFBC}") = "BfBotExample", "BfBotExample\BfBotExample.csproj", "{A80CAAD7-1B8D-4D1C-A46B-61473B6C3DA1}"
EndProject
Project("{FAE04EC0-301F-11D3-BF4B-00C04F79EFBC}") = "Betfair.ESAClient", "Betfair.ESAClient\Betfair.ESAClient\Betfair.ESAClient.csproj", "{C6F11E1B-DA85-41BC-9DEE-B941D3C6A805}"
EndProject
Project("{FAE04EC0-301F-11D3-BF4B-00C04F79EFBC}") = "Betfair.ESASwagger", "Betfair.ESAClient\Betfair.ESASwagger\Betfair.ESASwagger.csproj", "{05419E45-CAD4-4FB6-BC46-B93119D9F22D}"
EndProject
Project("{FAE04EC0-301F-11D3-BF4B-00C04F79EFBC}") = "CoreLib", "CoreLib\CoreLib.csproj", "{F053496E-AECF-4C49-9DF8-9786655EF0CE}"
EndProject
Global
	GlobalSection(SolutionConfigurationPlatforms) = preSolution
		Debug|Any CPU = Debug|Any CPU
		Release|Any CPU = Release|Any CPU
	EndGlobalSection
	GlobalSection(ProjectConfigurationPlatforms) = postSolution
		{A80CAAD7-1B8D-4D1C-A46B-61473B6C3DA1}.Debug|Any CPU.ActiveCfg = Debug|Any CPU
		{A80CAAD7-1B8D-4D1C-A46B-61473B6C3DA1}.Debug|Any CPU.Build.0 = Debug|Any CPU
		{A80CAAD7-1B8D-4D1C-A46B-61473B6C3DA1}.Release|Any CPU.ActiveCfg = Release|Any CPU
		{A80CAAD7-1B8D-4D1C-A46B-61473B6C3DA1}.Release|Any CPU.Build.0 = Release|Any CPU
		{C6F11E1B-DA85-41BC-9DEE-B941D3C6A805}.Debug|Any CPU.ActiveCfg = Debug|Any CPU
		{C6F11E1B-DA85-41BC-9DEE-B941D3C6A805}.Debug|Any CPU.Build.0 = Debug|Any CPU
		{C6F11E1B-DA85-41BC-9DEE-B941D3C6A805}.Release|Any CPU.ActiveCfg = Release|Any CPU
		{C6F11E1B-DA85-41BC-9DEE-B941D3C6A805}.Release|Any CPU.Build.0 = Release|Any CPU
		{05419E45-CAD4-4FB6-BC46-B93119D9F22D}.Debug|Any CPU.ActiveCfg = Debug|Any CPU
		{05419E45-CAD4-4FB6-BC46-B93119D9F22D}.Debug|Any CPU.Build.0 = Debug|Any CPU
		{05419E45-CAD4-4FB6-BC46-B93119D9F22D}.Release|Any CPU.ActiveCfg = Release|Any CPU
		{05419E45-CAD4-4FB6-BC46-B93119D9F22D}.Release|Any CPU.Build.0 = Release|Any CPU
		{F053496E-AECF-4C49-9DF8-9786655EF0CE}.Debug|Any CPU.ActiveCfg = Debug|Any CPU
		{F053496E-AECF-4C49-9DF8-9786655EF0CE}.Debug|Any CPU.Build.0 = Debug|Any CPU
		{F053496E-AECF-4C49-9DF8-9786655EF0CE}.Release|Any CPU.ActiveCfg = Release|Any CPU
		{F053496E-AECF-4C49-9DF8-9786655EF0CE}.Release|Any CPU.Build.0 = Release|Any CPU
	EndGlobalSection
	GlobalSection(SolutionProperties) = preSolution
		HideSolutionNode = FALSE
	EndGlobalSection
	GlobalSection(ExtensibilityGlobals) = postSolution
		SolutionGuid = {2E84CFCB-27C9-4BBB-B981-63FFE42C7E77}
	EndGlobalSection
EndGlobal
